version = 1
requires-python = "==3.11.*"

[[package]]
name = "absl-py"
version = "2.2.2"
source = { registry = "https://pypi.org/simple" }
sdist = { url = "https://files.pythonhosted.org/packages/b5/f0/e6342091061ed3a46aadc116b13edd7bb5249c3ab1b3ef07f24b0c248fc3/absl_py-2.2.2.tar.gz", hash = "sha256:bf25b2c2eed013ca456918c453d687eab4e8309fba81ee2f4c1a6aa2494175eb", size = 119982 }
wheels = [
    { url = "https://files.pythonhosted.org/packages/f6/d4/349f7f4bd5ea92dab34f5bb0fe31775ef6c311427a14d5a5b31ecb442341/absl_py-2.2.2-py3-none-any.whl", hash = "sha256:e5797bc6abe45f64fd95dc06394ca3f2bedf3b5d895e9da691c9ee3397d70092", size = 135565 },
]

[[package]]
name = "arca-sim"
version = "0.1.0"
source = { editable = "." }
dependencies = [
    { name = "eclipse-zenoh" },
    { name = "mujoco" },
    { name = "numpy" },
    { name = "onshape-to-robot" },
    { name = "pymeshlab" },
]

[package.metadata]
requires-dist = [
    { name = "eclipse-zenoh", specifier = ">=1.3.4" },
    { name = "mujoco", specifier = "==3.3.2" },
    { name = "numpy", specifier = ">=2.2.5" },
    { name = "onshape-to-robot", git = "https://github.com/Rhoban/onshape-to-robot.git" },
    { name = "pymeshlab", specifier = ">=2023.12.post3" },
]

[[package]]
name = "certifi"
version = "2025.4.26"
source = { registry = "https://pypi.org/simple" }
sdist = { url = "https://files.pythonhosted.org/packages/e8/9e/c05b3920a3b7d20d3d3310465f50348e5b3694f4f88c6daf736eef3024c4/certifi-2025.4.26.tar.gz", hash = "sha256:0a816057ea3cdefcef70270d2c515e4506bbc954f417fa5ade2021213bb8f0c6", size = 160705 }
wheels = [
    { url = "https://files.pythonhosted.org/packages/4a/7e/3db2bd1b1f9e95f7cddca6d6e75e2f2bd9f51b1246e546d88addca0106bd/certifi-2025.4.26-py3-none-any.whl", hash = "sha256:30350364dfe371162649852c63336a15c70c6510c2ad5015b21c2345311805f3", size = 159618 },
]

[[package]]
name = "charset-normalizer"
version = "3.4.2"
source = { registry = "https://pypi.org/simple" }
sdist = { url = "https://files.pythonhosted.org/packages/e4/33/89c2ced2b67d1c2a61c19c6751aa8902d46ce3dacb23600a283619f5a12d/charset_normalizer-3.4.2.tar.gz", hash = "sha256:5baececa9ecba31eff645232d59845c07aa030f0c81ee70184a90d35099a0e63", size = 126367 }
wheels = [
    { url = "https://files.pythonhosted.org/packages/05/85/4c40d00dcc6284a1c1ad5de5e0996b06f39d8232f1031cd23c2f5c07ee86/charset_normalizer-3.4.2-cp311-cp311-macosx_10_9_universal2.whl", hash = "sha256:be1e352acbe3c78727a16a455126d9ff83ea2dfdcbc83148d2982305a04714c2", size = 198794 },
    { url = "https://files.pythonhosted.org/packages/41/d9/7a6c0b9db952598e97e93cbdfcb91bacd89b9b88c7c983250a77c008703c/charset_normalizer-3.4.2-cp311-cp311-manylinux_2_17_aarch64.manylinux2014_aarch64.whl", hash = "sha256:aa88ca0b1932e93f2d961bf3addbb2db902198dca337d88c89e1559e066e7645", size = 142846 },
    { url = "https://files.pythonhosted.org/packages/66/82/a37989cda2ace7e37f36c1a8ed16c58cf48965a79c2142713244bf945c89/charset_normalizer-3.4.2-cp311-cp311-manylinux_2_17_ppc64le.manylinux2014_ppc64le.whl", hash = "sha256:d524ba3f1581b35c03cb42beebab4a13e6cdad7b36246bd22541fa585a56cccd", size = 153350 },
    { url = "https://files.pythonhosted.org/packages/df/68/a576b31b694d07b53807269d05ec3f6f1093e9545e8607121995ba7a8313/charset_normalizer-3.4.2-cp311-cp311-manylinux_2_17_s390x.manylinux2014_s390x.whl", hash = "sha256:28a1005facc94196e1fb3e82a3d442a9d9110b8434fc1ded7a24a2983c9888d8", size = 145657 },
    { url = "https://files.pythonhosted.org/packages/92/9b/ad67f03d74554bed3aefd56fe836e1623a50780f7c998d00ca128924a499/charset_normalizer-3.4.2-cp311-cp311-manylinux_2_17_x86_64.manylinux2014_x86_64.whl", hash = "sha256:fdb20a30fe1175ecabed17cbf7812f7b804b8a315a25f24678bcdf120a90077f", size = 147260 },
    { url = "https://files.pythonhosted.org/packages/a6/e6/8aebae25e328160b20e31a7e9929b1578bbdc7f42e66f46595a432f8539e/charset_normalizer-3.4.2-cp311-cp311-manylinux_2_5_i686.manylinux1_i686.manylinux_2_17_i686.manylinux2014_i686.whl", hash = "sha256:0f5d9ed7f254402c9e7d35d2f5972c9bbea9040e99cd2861bd77dc68263277c7", size = 149164 },
    { url = "https://files.pythonhosted.org/packages/8b/f2/b3c2f07dbcc248805f10e67a0262c93308cfa149a4cd3d1fe01f593e5fd2/charset_normalizer-3.4.2-cp311-cp311-musllinux_1_2_aarch64.whl", hash = "sha256:efd387a49825780ff861998cd959767800d54f8308936b21025326de4b5a42b9", size = 144571 },
    { url = "https://files.pythonhosted.org/packages/60/5b/c3f3a94bc345bc211622ea59b4bed9ae63c00920e2e8f11824aa5708e8b7/charset_normalizer-3.4.2-cp311-cp311-musllinux_1_2_i686.whl", hash = "sha256:f0aa37f3c979cf2546b73e8222bbfa3dc07a641585340179d768068e3455e544", size = 151952 },
    { url = "https://files.pythonhosted.org/packages/e2/4d/ff460c8b474122334c2fa394a3f99a04cf11c646da895f81402ae54f5c42/charset_normalizer-3.4.2-cp311-cp311-musllinux_1_2_ppc64le.whl", hash = "sha256:e70e990b2137b29dc5564715de1e12701815dacc1d056308e2b17e9095372a82", size = 155959 },
    { url = "https://files.pythonhosted.org/packages/a2/2b/b964c6a2fda88611a1fe3d4c400d39c66a42d6c169c924818c848f922415/charset_normalizer-3.4.2-cp311-cp311-musllinux_1_2_s390x.whl", hash = "sha256:0c8c57f84ccfc871a48a47321cfa49ae1df56cd1d965a09abe84066f6853b9c0", size = 153030 },
    { url = "https://files.pythonhosted.org/packages/59/2e/d3b9811db26a5ebf444bc0fa4f4be5aa6d76fc6e1c0fd537b16c14e849b6/charset_normalizer-3.4.2-cp311-cp311-musllinux_1_2_x86_64.whl", hash = "sha256:6b66f92b17849b85cad91259efc341dce9c1af48e2173bf38a85c6329f1033e5", size = 148015 },
    { url = "https://files.pythonhosted.org/packages/90/07/c5fd7c11eafd561bb51220d600a788f1c8d77c5eef37ee49454cc5c35575/charset_normalizer-3.4.2-cp311-cp311-win32.whl", hash = "sha256:daac4765328a919a805fa5e2720f3e94767abd632ae410a9062dff5412bae65a", size = 98106 },
    { url = "https://files.pythonhosted.org/packages/a8/05/5e33dbef7e2f773d672b6d79f10ec633d4a71cd96db6673625838a4fd532/charset_normalizer-3.4.2-cp311-cp311-win_amd64.whl", hash = "sha256:e53efc7c7cee4c1e70661e2e112ca46a575f90ed9ae3fef200f2a25e954f4b28", size = 105402 },
    { url = "https://files.pythonhosted.org/packages/20/94/c5790835a017658cbfabd07f3bfb549140c3ac458cfc196323996b10095a/charset_normalizer-3.4.2-py3-none-any.whl", hash = "sha256:7f56930ab0abd1c45cd15be65cc741c28b1c9a34876ce8c17a2fa107810c0af0", size = 52626 },
]

[[package]]
name = "colorama"
version = "0.4.6"
source = { registry = "https://pypi.org/simple" }
sdist = { url = "https://files.pythonhosted.org/packages/d8/53/6f443c9a4a8358a93a6792e2acffb9d9d5cb0a5cfd8802644b7b1c9a02e4/colorama-0.4.6.tar.gz", hash = "sha256:08695f5cb7ed6e0531a20572697297273c47b8cae5a63ffc6d6ed5c201be6e44", size = 27697 }
wheels = [
    { url = "https://files.pythonhosted.org/packages/d1/d6/3965ed04c63042e047cb6a3e6ed1a63a35087b6a609aa3a15ed8ac56c221/colorama-0.4.6-py2.py3-none-any.whl", hash = "sha256:4f1d9991f5acc0ca119f9d443620b77f9d6b33703e51011c16baf57afb285fc6", size = 25335 },
]

[[package]]
name = "commentjson"
version = "0.9.0"
source = { registry = "https://pypi.org/simple" }
dependencies = [
    { name = "lark-parser" },
]
sdist = { url = "https://files.pythonhosted.org/packages/c0/76/c4aa9e408dbacee3f4de8e6c5417e5f55de7e62fb5a50300e1233a2c9cb5/commentjson-0.9.0.tar.gz", hash = "sha256:42f9f231d97d93aff3286a4dc0de39bfd91ae823d1d9eba9fa901fe0c7113dd4", size = 8653 }

[[package]]
name = "eclipse-zenoh"
version = "1.3.4"
source = { registry = "https://pypi.org/simple" }
sdist = { url = "https://files.pythonhosted.org/packages/27/82/297cc0ec787ba165eeb9e6c3eaee4f9de9b17cb7eaf169ff964a3503fd78/eclipse_zenoh-1.3.4.tar.gz", hash = "sha256:a1605475247752f8fa80e329c122d108e93c5c335c348b285fe78cb5878edf79", size = 124014 }
wheels = [
    { url = "https://files.pythonhosted.org/packages/7b/95/31eb06658843df1d889364ef91582458628ffac4bb4302e0dd3eb5eb34e3/eclipse_zenoh-1.3.4-cp38-abi3-linux_armv6l.whl", hash = "sha256:e94f98f249a6bf215278d1275417695ec8126a8bc7b1e3c30d2adbcfe1bef837", size = 8410931 },
    { url = "https://files.pythonhosted.org/packages/a3/d5/4c6995f996b48e3e5fa00097e05d3421a496f27406689b83c607bdccd41f/eclipse_zenoh-1.3.4-cp38-abi3-macosx_10_12_x86_64.macosx_11_0_arm64.macosx_10_12_universal2.whl", hash = "sha256:228521f0fc848d4119eed29432569a5acfd92a96177975b04f8e7c899a6d0d06", size = 15559173 },
    { url = "https://files.pythonhosted.org/packages/38/9e/ef6c2933f772f21ef43644625a9417aeaaee70a480c59136ad2b33bc78f9/eclipse_zenoh-1.3.4-cp38-abi3-macosx_10_12_x86_64.whl", hash = "sha256:57b506d4f23d07f1470327542bd1adc3638a52770904b60c49d13a2d37ef4372", size = 7950161 },
    { url = "https://files.pythonhosted.org/packages/24/60/0d15f15c38fa57e5dc28a61cae5881cca829b65e45c352a4037790f5a533/eclipse_zenoh-1.3.4-cp38-abi3-manylinux_2_17_armv7l.manylinux2014_armv7l.whl", hash = "sha256:ccb8a12d6bed5ddda263f620da40288c3785765f728cc25919556b8fb012911f", size = 8305091 },
    { url = "https://files.pythonhosted.org/packages/6b/54/64c2db7745d952c05f262a1aa263bea1e16934346c68467064d43baa710c/eclipse_zenoh-1.3.4-cp38-abi3-manylinux_2_17_i686.manylinux2014_i686.whl", hash = "sha256:828e4f1722930c2a88e6c600c230cf5d2cbfe7c34b3ead9539c0bdf1fe8e7cd4", size = 9025546 },
    { url = "https://files.pythonhosted.org/packages/ca/32/e5b1ca4727b6882f4089ac6396beeed6e636d9b65577de0f7f9ab1f37a50/eclipse_zenoh-1.3.4-cp38-abi3-manylinux_2_17_x86_64.manylinux2014_x86_64.whl", hash = "sha256:c87a42f0ca8eb7b3d796bd93c21fe30f333a3264f89d93ec764348c7fbde542f", size = 8581071 },
    { url = "https://files.pythonhosted.org/packages/2c/d2/4d1702c37a0f86777a53d9b7e21e7a9866f635677df82d9ef882888281b4/eclipse_zenoh-1.3.4-cp38-abi3-manylinux_2_28_aarch64.whl", hash = "sha256:b1703e277b2ac645521feef7362f56159382084ff20b00295563295058c98ac5", size = 8435269 },
    { url = "https://files.pythonhosted.org/packages/ff/1f/5bb2ceec60b5206a03b01b2abbc08583c28fc55dcf52b4eed8185e6d8dc6/eclipse_zenoh-1.3.4-cp38-abi3-win_amd64.whl", hash = "sha256:742f9e03d20d3fcb169c0baa2796e4f3ce5fed66483acc99f5def1e7fa714a04", size = 7022514 },
]

[[package]]
name = "etils"
version = "1.12.2"
source = { registry = "https://pypi.org/simple" }
sdist = { url = "https://files.pythonhosted.org/packages/e4/12/1cc11e88a0201280ff389bc4076df7c3432e39d9f22cba8b71aa263f67b8/etils-1.12.2.tar.gz", hash = "sha256:c6b9e1f0ce66d1bbf54f99201b08a60ba396d3446d9eb18d4bc39b26a2e1a5ee", size = 104711 }
wheels = [
    { url = "https://files.pythonhosted.org/packages/dd/71/40ee142e564b8a34a7ae9546e99e665e0001011a3254d5bbbe113d72ccba/etils-1.12.2-py3-none-any.whl", hash = "sha256:4600bec9de6cf5cb043a171e1856e38b5f273719cf3ecef90199f7091a6b3912", size = 167613 },
]

[package.optional-dependencies]
epath = [
    { name = "fsspec" },
    { name = "importlib-resources" },
    { name = "typing-extensions" },
    { name = "zipp" },
]

[[package]]
name = "fsspec"
version = "2025.3.2"
source = { registry = "https://pypi.org/simple" }
sdist = { url = "https://files.pythonhosted.org/packages/45/d8/8425e6ba5fcec61a1d16e41b1b71d2bf9344f1fe48012c2b48b9620feae5/fsspec-2025.3.2.tar.gz", hash = "sha256:e52c77ef398680bbd6a98c0e628fbc469491282981209907bbc8aea76a04fdc6", size = 299281 }
wheels = [
    { url = "https://files.pythonhosted.org/packages/44/4b/e0cfc1a6f17e990f3e64b7d941ddc4acdc7b19d6edd51abf495f32b1a9e4/fsspec-2025.3.2-py3-none-any.whl", hash = "sha256:2daf8dc3d1dfa65b6aa37748d112773a7a08416f6c70d96b264c96476ecaf711", size = 194435 },
]

[[package]]
name = "glfw"
version = "2.9.0"
source = { registry = "https://pypi.org/simple" }
sdist = { url = "https://files.pythonhosted.org/packages/38/97/a2d667c98b8474f6b8294042488c1bd488681fb3cb4c3b9cdac1a9114287/glfw-2.9.0.tar.gz", hash = "sha256:077111a150ff09bc302c5e4ae265a5eb6aeaff0c8b01f727f7fb34e3764bb8e2", size = 31453 }
wheels = [
    { url = "https://files.pythonhosted.org/packages/21/71/13dd8a8d547809543d21de9438a3a76a8728fc7966d01ad9fb54599aebf5/glfw-2.9.0-py2.py27.py3.py30.py31.py32.py33.py34.py35.py36.py37.py38.p39.p310.p311.p312.p313-none-macosx_10_6_intel.whl", hash = "sha256:183da99152f63469e9263146db2eb1b6cc4ee0c4082b280743e57bd1b0a3bd70", size = 105297 },
    { url = "https://files.pythonhosted.org/packages/f8/a2/45e6dceec1e0a0ffa8dd3c0ecf1e11d74639a55186243129160c6434d456/glfw-2.9.0-py2.py27.py3.py30.py31.py32.py33.py34.py35.py36.py37.py38.p39.p310.p311.p312.p313-none-macosx_11_0_arm64.whl", hash = "sha256:aef5b555673b9555216e4cd7bc0bdbbb9983f66c620a85ba7310cfcfda5cd38c", size = 102146 },
    { url = "https://files.pythonhosted.org/packages/d2/72/b6261ed918e3747c6070fe80636c63a3c8f1c42ce122670315eeeada156f/glfw-2.9.0-py2.py27.py3.py30.py31.py32.py33.py34.py35.py36.py37.py38.p39.p310.p311.p312.p313-none-manylinux2014_aarch64.whl", hash = "sha256:fcc430cb21984afba74945b7df38a5e1a02b36c0b4a2a2bab42b4a26d7cc51d6", size = 230002 },
    { url = "https://files.pythonhosted.org/packages/45/d6/7f95786332e8b798569b8e60db2ee081874cec2a62572b8ec55c309d85b7/glfw-2.9.0-py2.py27.py3.py30.py31.py32.py33.py34.py35.py36.py37.py38.p39.p310.p311.p312.p313-none-manylinux2014_x86_64.whl", hash = "sha256:7f85b58546880466ac445fc564c5c831ca93c8a99795ab8eaf0a2d521af293d7", size = 241949 },
    { url = "https://files.pythonhosted.org/packages/a1/e6/093ab7874a74bba351e754f6e7748c031bd7276702135da6cbcd00e1f3e2/glfw-2.9.0-py2.py27.py3.py30.py31.py32.py33.py34.py35.py36.py37.py38.p39.p310.p311.p312.p313-none-manylinux_2_28_aarch64.whl", hash = "sha256:2123716c8086b80b797e849a534fc6f21aebca300519e57c80618a65ca8135dc", size = 231016 },
    { url = "https://files.pythonhosted.org/packages/7f/ba/de3630757c7d7fc2086aaf3994926d6b869d31586e4d0c14f1666af31b93/glfw-2.9.0-py2.py27.py3.py30.py31.py32.py33.py34.py35.py36.py37.py38.p39.p310.p311.p312.p313-none-manylinux_2_28_x86_64.whl", hash = "sha256:4e11271e49eb9bc53431ade022e284d5a59abeace81fe3b178db1bf3ccc0c449", size = 243489 },
    { url = "https://files.pythonhosted.org/packages/32/36/c3bada8503681806231d1705ea1802bac8febf69e4186b9f0f0b9e2e4f7e/glfw-2.9.0-py2.py27.py3.py30.py31.py32.py33.py34.py35.py36.py37.py38.p39.p310.p311.p312.p313-none-win32.whl", hash = "sha256:8e4fbff88e4e953bb969b6813195d5de4641f886530cc8083897e56b00bf2c8e", size = 552655 },
    { url = "https://files.pythonhosted.org/packages/cb/70/7f2f052ca20c3b69892818f2ee1fea53b037ea9145ff75b944ed1dc4ff82/glfw-2.9.0-py2.py27.py3.py30.py31.py32.py33.py34.py35.py36.py37.py38.p39.p310.p311.p312.p313-none-win_amd64.whl", hash = "sha256:9aa3ae51601601c53838315bd2a03efb1e6bebecd072b2f64ddbd0b2556d511a", size = 559441 },
]

[[package]]
name = "idna"
version = "3.10"
source = { registry = "https://pypi.org/simple" }
sdist = { url = "https://files.pythonhosted.org/packages/f1/70/7703c29685631f5a7590aa73f1f1d3fa9a380e654b86af429e0934a32f7d/idna-3.10.tar.gz", hash = "sha256:12f65c9b470abda6dc35cf8e63cc574b1c52b11df2c86030af0ac09b01b13ea9", size = 190490 }
wheels = [
    { url = "https://files.pythonhosted.org/packages/76/c6/c88e154df9c4e1a2a66ccf0005a88dfb2650c1dffb6f5ce603dfbd452ce3/idna-3.10-py3-none-any.whl", hash = "sha256:946d195a0d259cbba61165e88e65941f16e9b36ea6ddb97f00452bae8b1287d3", size = 70442 },
]

[[package]]
name = "importlib-resources"
version = "6.5.2"
source = { registry = "https://pypi.org/simple" }
sdist = { url = "https://files.pythonhosted.org/packages/cf/8c/f834fbf984f691b4f7ff60f50b514cc3de5cc08abfc3295564dd89c5e2e7/importlib_resources-6.5.2.tar.gz", hash = "sha256:185f87adef5bcc288449d98fb4fba07cea78bc036455dd44c5fc4a2fe78fed2c", size = 44693 }
wheels = [
    { url = "https://files.pythonhosted.org/packages/a4/ed/1f1afb2e9e7f38a545d628f864d562a5ae64fe6f7a10e28ffb9b185b4e89/importlib_resources-6.5.2-py3-none-any.whl", hash = "sha256:789cfdc3ed28c78b67a06acb8126751ced69a3d5f79c095a98298cd8a760ccec", size = 37461 },
]

[[package]]
name = "lark-parser"
version = "0.7.8"
source = { registry = "https://pypi.org/simple" }
sdist = { url = "https://files.pythonhosted.org/packages/34/b8/aa7d6cf2d5efdd2fcd85cf39b33584fe12a0f7086ed451176ceb7fb510eb/lark-parser-0.7.8.tar.gz", hash = "sha256:26215ebb157e6fb2ee74319aa4445b9f3b7e456e26be215ce19fdaaa901c20a4", size = 276204 }

[[package]]
name = "mujoco"
version = "3.3.2"
source = { registry = "https://pypi.org/simple" }
dependencies = [
    { name = "absl-py" },
    { name = "etils", extra = ["epath"] },
    { name = "glfw" },
    { name = "numpy" },
    { name = "pyopengl" },
]
sdist = { url = "https://files.pythonhosted.org/packages/d9/75/97e2ab2b51a66495c0404f6fb6bf3a1c1ba8cdc3316e63fbf4d49367f388/mujoco-3.3.2.tar.gz", hash = "sha256:77773c714f572f6e71a937bc387f7a36c129d0932fd246962c3e6a48fdf6bbac", size = 806858 }
wheels = [
    { url = "https://files.pythonhosted.org/packages/e7/c5/5952ea29b1295c76f5e925085986d0a32180914c422686f0e72c57edf88d/mujoco-3.3.2-cp311-cp311-macosx_10_16_x86_64.whl", hash = "sha256:975acda0a5dbee53facd6aabedebf3a277c66c3bd891add988c7664abe4e203c", size = 6560851 },
    { url = "https://files.pythonhosted.org/packages/f3/98/2e3490a87ae62ee03d32988f1620bae83327ba2bdd2c3a4a5edacb56d0b6/mujoco-3.3.2-cp311-cp311-macosx_11_0_arm64.whl", hash = "sha256:499637be489cb915b68c3b90b731fae1274f6a9297d8551d6b443a0395ee1956", size = 6583213 },
    { url = "https://files.pythonhosted.org/packages/5a/71/2ca3b738d027f78ff99f17a2bda24d2112704626ddb67e53c66f57a94674/mujoco-3.3.2-cp311-cp311-manylinux_2_17_aarch64.manylinux2014_aarch64.whl", hash = "sha256:409d54ec5402da6d781e2cab1a6e23e363c87d0377046b183fd8064cd75572e1", size = 6321239 },
    { url = "https://files.pythonhosted.org/packages/65/fa/5e72cdb37469264ec29e7c7d3b2612a0b7fe38156dd1a232870def6b6a3b/mujoco-3.3.2-cp311-cp311-manylinux_2_17_x86_64.manylinux2014_x86_64.whl", hash = "sha256:f7e19ef4ded262d9ff454ac9346203dcb35a6f794e7d9406ee803f1c73702560", size = 6611583 },
    { url = "https://files.pythonhosted.org/packages/6a/ce/6c4474f9a5d71ecc058c96874b7c757c73806bb1e9b23829f4746aa3a1cb/mujoco-3.3.2-cp311-cp311-win_amd64.whl", hash = "sha256:c2539ad7b4978ac9a48d3b768de4f0ece716ea8533bd2988e6a1bceaf033954a", size = 4949316 },
]

[[package]]
name = "numpy"
version = "2.2.5"
source = { registry = "https://pypi.org/simple" }
sdist = { url = "https://files.pythonhosted.org/packages/dc/b2/ce4b867d8cd9c0ee84938ae1e6a6f7926ebf928c9090d036fc3c6a04f946/numpy-2.2.5.tar.gz", hash = "sha256:a9c0d994680cd991b1cb772e8b297340085466a6fe964bc9d4e80f5e2f43c291", size = 20273920 }
wheels = [
    { url = "https://files.pythonhosted.org/packages/f5/fb/e4e4c254ba40e8f0c78218f9e86304628c75b6900509b601c8433bdb5da7/numpy-2.2.5-cp311-cp311-macosx_10_9_x86_64.whl", hash = "sha256:c42365005c7a6c42436a54d28c43fe0e01ca11eb2ac3cefe796c25a5f98e5e9b", size = 21256475 },
    { url = "https://files.pythonhosted.org/packages/81/32/dd1f7084f5c10b2caad778258fdaeedd7fbd8afcd2510672811e6138dfac/numpy-2.2.5-cp311-cp311-macosx_11_0_arm64.whl", hash = "sha256:498815b96f67dc347e03b719ef49c772589fb74b8ee9ea2c37feae915ad6ebda", size = 14461474 },
    { url = "https://files.pythonhosted.org/packages/0e/65/937cdf238ef6ac54ff749c0f66d9ee2b03646034c205cea9b6c51f2f3ad1/numpy-2.2.5-cp311-cp311-macosx_14_0_arm64.whl", hash = "sha256:6411f744f7f20081b1b4e7112e0f4c9c5b08f94b9f086e6f0adf3645f85d3a4d", size = 5426875 },
    { url = "https://files.pythonhosted.org/packages/25/17/814515fdd545b07306eaee552b65c765035ea302d17de1b9cb50852d2452/numpy-2.2.5-cp311-cp311-macosx_14_0_x86_64.whl", hash = "sha256:9de6832228f617c9ef45d948ec1cd8949c482238d68b2477e6f642c33a7b0a54", size = 6969176 },
    { url = "https://files.pythonhosted.org/packages/e5/32/a66db7a5c8b5301ec329ab36d0ecca23f5e18907f43dbd593c8ec326d57c/numpy-2.2.5-cp311-cp311-manylinux_2_17_aarch64.manylinux2014_aarch64.whl", hash = "sha256:369e0d4647c17c9363244f3468f2227d557a74b6781cb62ce57cf3ef5cc7c610", size = 14374850 },
    { url = "https://files.pythonhosted.org/packages/ad/c9/1bf6ada582eebcbe8978f5feb26584cd2b39f94ededeea034ca8f84af8c8/numpy-2.2.5-cp311-cp311-manylinux_2_17_x86_64.manylinux2014_x86_64.whl", hash = "sha256:262d23f383170f99cd9191a7c85b9a50970fe9069b2f8ab5d786eca8a675d60b", size = 16430306 },
    { url = "https://files.pythonhosted.org/packages/6a/f0/3f741863f29e128f4fcfdb99253cc971406b402b4584663710ee07f5f7eb/numpy-2.2.5-cp311-cp311-musllinux_1_2_aarch64.whl", hash = "sha256:aa70fdbdc3b169d69e8c59e65c07a1c9351ceb438e627f0fdcd471015cd956be", size = 15884767 },
    { url = "https://files.pythonhosted.org/packages/98/d9/4ccd8fd6410f7bf2d312cbc98892e0e43c2fcdd1deae293aeb0a93b18071/numpy-2.2.5-cp311-cp311-musllinux_1_2_x86_64.whl", hash = "sha256:37e32e985f03c06206582a7323ef926b4e78bdaa6915095ef08070471865b906", size = 18219515 },
    { url = "https://files.pythonhosted.org/packages/b1/56/783237243d4395c6dd741cf16eeb1a9035ee3d4310900e6b17e875d1b201/numpy-2.2.5-cp311-cp311-win32.whl", hash = "sha256:f5045039100ed58fa817a6227a356240ea1b9a1bc141018864c306c1a16d4175", size = 6607842 },
    { url = "https://files.pythonhosted.org/packages/98/89/0c93baaf0094bdaaaa0536fe61a27b1dce8a505fa262a865ec142208cfe9/numpy-2.2.5-cp311-cp311-win_amd64.whl", hash = "sha256:b13f04968b46ad705f7c8a80122a42ae8f620536ea38cf4bdd374302926424dd", size = 12949071 },
]

[[package]]
name = "numpy-stl"
version = "3.2.0"
source = { registry = "https://pypi.org/simple" }
dependencies = [
    { name = "numpy" },
    { name = "python-utils" },
]
sdist = { url = "https://files.pythonhosted.org/packages/cb/80/96366d1b69223d4ca55fca30f158096df169b00aa6b4dd963025980e7ede/numpy_stl-3.2.0.tar.gz", hash = "sha256:5a20c3f79cddaa0abc6a4b99f5486aceed4f88152f29b19a57acc844e183fd4d", size = 824382 }
wheels = [
    { url = "https://files.pythonhosted.org/packages/ea/2c/e17b8814050427929077639d35a42187a006922600d4840475bdc5f64ebb/numpy_stl-3.2.0-py3-none-any.whl", hash = "sha256:697c81b107231362460aaedf4647e81ba54f54f59c896772fea7904c9c439da5", size = 20775 },
]

[[package]]
name = "onshape-to-robot"
version = "1.6.1"
source = { git = "https://github.com/Rhoban/onshape-to-robot.git#b00d64e10e6b8a4432f5cdcedd99342f29af787a" }
dependencies = [
    { name = "colorama" },
    { name = "commentjson" },
    { name = "numpy" },
    { name = "numpy-stl" },
    { name = "python-dotenv" },
    { name = "requests" },
    { name = "transforms3d" },
]

[[package]]
name = "pymeshlab"
version = "2023.12.post3"
source = { registry = "https://pypi.org/simple" }
dependencies = [
    { name = "numpy" },
]
wheels = [
    { url = "https://files.pythonhosted.org/packages/be/7a/827713a291ef7dc05fbc6004732798404e324fb404817b6cdd12ffa1177e/pymeshlab-2023.12.post3-cp311-cp311-macosx_11_0_arm64.whl", hash = "sha256:898f6dfb4102224f73400ed3153cdf9fea9a67879e300f20f9803278ee2c195a", size = 70569836 },
    { url = "https://files.pythonhosted.org/packages/3e/55/c746e7157ee343e211591dddd72099f5e8f1202b162892278015649db2b7/pymeshlab-2023.12.post3-cp311-cp311-macosx_11_0_x86_64.whl", hash = "sha256:a9f1ce44e0bd7fbc72b1b0e38180e46455c643963af45aa535a1b3436ea8e6b0", size = 49696074 },
    { url = "https://files.pythonhosted.org/packages/2a/62/bd156d2a03a2a79ee7f2e60a06929d6ea9f1e5bd1a40726da69b97e2ab5c/pymeshlab-2023.12.post3-cp311-cp311-manylinux_2_31_x86_64.whl", hash = "sha256:f77a41a67618ea4d976b99aeaf615dfca8562154c3275e4554c4428292408e94", size = 98457761 },
    { url = "https://files.pythonhosted.org/packages/7c/ca/00d68af6aa60ea5bb66b5e3a85cf7ed79fc874bb63ad935673dee78a419e/pymeshlab-2023.12.post3-cp311-cp311-win_amd64.whl", hash = "sha256:943141c7ac37add011c279eac7eab3f50edd3e1df42376288de53b751519c271", size = 52895990 },
]

[[package]]
name = "pyopengl"
version = "3.1.9"
source = { registry = "https://pypi.org/simple" }
sdist = { url = "https://files.pythonhosted.org/packages/c0/42/71080db298df3ddb7e3090bfea8fd7c300894d8b10954c22f8719bd434eb/pyopengl-3.1.9.tar.gz", hash = "sha256:28ebd82c5f4491a418aeca9672dffb3adbe7d33b39eada4548a5b4e8c03f60c8", size = 1913642 }
wheels = [
    { url = "https://files.pythonhosted.org/packages/92/44/8634af40b0db528b5b37e901c0dc67321354880d251bf8965901d57693a5/PyOpenGL-3.1.9-py3-none-any.whl", hash = "sha256:15995fd3b0deb991376805da36137a4ae5aba6ddbb5e29ac1f35462d130a3f77", size = 3190341 },
]

[[package]]
name = "python-dotenv"
version = "1.1.0"
source = { registry = "https://pypi.org/simple" }
sdist = { url = "https://files.pythonhosted.org/packages/88/2c/7bb1416c5620485aa793f2de31d3df393d3686aa8a8506d11e10e13c5baf/python_dotenv-1.1.0.tar.gz", hash = "sha256:41f90bc6f5f177fb41f53e87666db362025010eb28f60a01c9143bfa33a2b2d5", size = 39920 }
wheels = [
    { url = "https://files.pythonhosted.org/packages/1e/18/98a99ad95133c6a6e2005fe89faedf294a748bd5dc803008059409ac9b1e/python_dotenv-1.1.0-py3-none-any.whl", hash = "sha256:d7c01d9e2293916c18baf562d95698754b0dbbb5e74d457c45d4f6561fb9d55d", size = 20256 },
]

[[package]]
name = "python-utils"
version = "3.9.1"
source = { registry = "https://pypi.org/simple" }
dependencies = [
    { name = "typing-extensions" },
]
sdist = { url = "https://files.pythonhosted.org/packages/13/4c/ef8b7b1046d65c1f18ca31e5235c7d6627ca2b3f389ab1d44a74d22f5cc9/python_utils-3.9.1.tar.gz", hash = "sha256:eb574b4292415eb230f094cbf50ab5ef36e3579b8f09e9f2ba74af70891449a0", size = 35403 }
wheels = [
    { url = "https://files.pythonhosted.org/packages/d4/69/31c82567719b34d8f6b41077732589104883771d182a9f4ff3e71430999a/python_utils-3.9.1-py2.py3-none-any.whl", hash = "sha256:0273d7363c7ad4b70999b2791d5ba6b55333d6f7a4e4c8b6b39fb82b5fab4613", size = 32078 },
]

[[package]]
name = "requests"
version = "2.32.3"
source = { registry = "https://pypi.org/simple" }
dependencies = [
    { name = "certifi" },
    { name = "charset-normalizer" },
    { name = "idna" },
    { name = "urllib3" },
]
sdist = { url = "https://files.pythonhosted.org/packages/63/70/2bf7780ad2d390a8d301ad0b550f1581eadbd9a20f896afe06353c2a2913/requests-2.32.3.tar.gz", hash = "sha256:55365417734eb18255590a9ff9eb97e9e1da868d4ccd6402399eaf68af20a760", size = 131218 }
wheels = [
    { url = "https://files.pythonhosted.org/packages/f9/9b/335f9764261e915ed497fcdeb11df5dfd6f7bf257d4a6a2a686d80da4d54/requests-2.32.3-py3-none-any.whl", hash = "sha256:70761cfe03c773ceb22aa2f671b4757976145175cdfca038c02654d061d6dcc6", size = 64928 },
]

[[package]]
name = "transforms3d"
version = "0.4.2"
source = { registry = "https://pypi.org/simple" }
dependencies = [
    { name = "numpy" },
]
sdist = { url = "https://files.pythonhosted.org/packages/d5/1e/626c2d87c29a35fadc8de5624f4302e1ee56cff380d282d62cb3780e6620/transforms3d-0.4.2.tar.gz", hash = "sha256:e8b5df30eaedbee556e81c6938e55aab5365894e47d0a17615d7db7fd2393680", size = 1368797 }
wheels = [
    { url = "https://files.pythonhosted.org/packages/61/7a/f38385f1b2d5f54221baf1db3d6371dc6eef8041d95abff39576c694e9d9/transforms3d-0.4.2-py3-none-any.whl", hash = "sha256:1c70399d9e9473ecc23311fd947f727f7c69ed0b063244828c383aa1aefa5941", size = 1376759 },
]

[[package]]
name = "typing-extensions"
version = "4.13.2"
source = { registry = "https://pypi.org/simple" }
sdist = { url = "https://files.pythonhosted.org/packages/f6/37/23083fcd6e35492953e8d2aaaa68b860eb422b34627b13f2ce3eb6106061/typing_extensions-4.13.2.tar.gz", hash = "sha256:e6c81219bd689f51865d9e372991c540bda33a0379d5573cddb9a3a23f7caaef", size = 106967 }
wheels = [
    { url = "https://files.pythonhosted.org/packages/8b/54/b1ae86c0973cc6f0210b53d508ca3641fb6d0c56823f288d108bc7ab3cc8/typing_extensions-4.13.2-py3-none-any.whl", hash = "sha256:a439e7c04b49fec3e5d3e2beaa21755cadbbdc391694e28ccdd36ca4a1408f8c", size = 45806 },
]

[[package]]
name = "urllib3"
version = "2.4.0"
source = { registry = "https://pypi.org/simple" }
sdist = { url = "https://files.pythonhosted.org/packages/8a/78/16493d9c386d8e60e442a35feac5e00f0913c0f4b7c217c11e8ec2ff53e0/urllib3-2.4.0.tar.gz", hash = "sha256:414bc6535b787febd7567804cc015fee39daab8ad86268f1310a9250697de466", size = 390672 }
wheels = [
    { url = "https://files.pythonhosted.org/packages/6b/11/cc635220681e93a0183390e26485430ca2c7b5f9d33b15c74c2861cb8091/urllib3-2.4.0-py3-none-any.whl", hash = "sha256:4e16665048960a0900c702d4a66415956a584919c03361cac9f1df5c5dd7e813", size = 128680 },
]

[[package]]
name = "zipp"
version = "3.21.0"
source = { registry = "https://pypi.org/simple" }
sdist = { url = "https://files.pythonhosted.org/packages/3f/50/bad581df71744867e9468ebd0bcd6505de3b275e06f202c2cb016e3ff56f/zipp-3.21.0.tar.gz", hash = "sha256:2c9958f6430a2040341a52eb608ed6dd93ef4392e02ffe219417c1b28b5dd1f4", size = 24545 }
wheels = [
    { url = "https://files.pythonhosted.org/packages/b7/1a/7e4798e9339adc931158c9d69ecc34f5e6791489d469f5e50ec15e35f458/zipp-3.21.0-py3-none-any.whl", hash = "sha256:ac1bbe05fd2991f160ebce24ffbac5f6d11d83dc90891255885223d42b3cd931", size = 9630 },
]
